{
  "meteor": {
    "git": "https://github.com/meteor/meteor.git",
    "branch": "devel",
    "commit": "e78861b7d0dbb60e5e2bf59bab2cb06ce6596c04"
  },
  "dependencies": {
    "basePackages": {
      "sugar": {},
      "ui-harness": {
        "path": "../packages-public/meteor-ui-harness"
      },
      "ctrl": {
        "path": "../packages-public/meteor-ctrl"
      }
    },
    "packages": {
      "sugar": {
        "git": "https://github.com/bevanhunt/meteor-sugar.git",
        "tag": "v0.1.7",
        "commit": "eef2d45055fabeb27c003f39bb36b97a361b4455"
      },
      "ui-harness": {
        "path": "../packages-public/meteor-ui-harness"
      },
      "ctrl": {
        "path": "../packages-public/meteor-ctrl"
      },
      "munit": {
        "git": "https://github.com/spacejamio/meteor-munit.git",
        "tag": "v0.2.0",
        "commit": "9fbf742c3ea863d9d37f608d58f8fda646c01b2c"
      },
      "util": {
        "path": "../packages-public/meteor-util"
      },
      "bdd": {
        "path": "../packages-public/meteor-bdd"
      },
      "stylus-compiler": {
        "path": "../packages-public/meteor-stylus-compiler"
      },
      "chai": {
        "git": "https://github.com/spacejamio/meteor-chai.git",
        "tag": "v0.1.5",
        "commit": "9c8f1f769839c946f11f580b8c6f8601f9286a66"
      },
      "sinon": {
        "git": "https://github.com/spacejamio/meteor-sinon.git",
        "tag": "v0.1.5",
        "commit": "5078abefbfc67a6c4c19f628ceba4249b84b4e07"
      }
    }
  }
}
